
Microsoft Visual Studio Solution File, Format Version 12.00
# Visual Studio Version 16
VisualStudioVersion = 16.0.32002.261
MinimumVisualStudioVersion = 10.0.40219.1
Project("{9A19103F-16F7-4668-BE54-9A1E7A4F7556}") = "BasicApi", "CaioApi\BasicApi.csproj", "{30FAB534-CECA-4387-9505-3AFE913C5650}"
EndProject
Global
	GlobalSection(SolutionConfigurationPlatforms) = preSolution
		Debug|Any CPU = Debug|Any CPU
		Release|Any CPU = Release|Any CPU
	EndGlobalSection
	GlobalSection(ProjectConfigurationPlatforms) = postSolution
		{30FAB534-CECA-4387-9505-3AFE913C5650}.Debug|Any CPU.ActiveCfg = Debug|Any CPU
		{30FAB534-CECA-4387-9505-3AFE913C5650}.Debug|Any CPU.Build.0 = Debug|Any CPU
		{30FAB534-CECA-4387-9505-3AFE913C5650}.Release|Any CPU.ActiveCfg = Release|Any CPU
		{30FAB534-CECA-4387-9505-3AFE913C5650}.Release|Any CPU.Build.0 = Release|Any CPU
	EndGlobalSection
	GlobalSection(SolutionProperties) = preSolution
		HideSolutionNode = FALSE
	EndGlobalSection
	GlobalSection(ExtensibilityGlobals) = postSolution
		SolutionGuid = {370640C8-3BC6-431E-BE67-3A74EB8244DF}
	EndGlobalSection
EndGlobal
